
Microsoft Visual Studio Solution File, Format Version 12.00
# Visual Studio Version 17
VisualStudioVersion = 17.7.34031.279
MinimumVisualStudioVersion = 10.0.40219.1
Project("{FAE04EC0-301F-11D3-BF4B-00C04F79EFBC}") = "dop_class", "dop_class\dop_class.csproj", "{4FA87D77-A69F-47DD-B23B-54FA5B5694B9}"
EndProject
Global
	GlobalSection(SolutionConfigurationPlatforms) = preSolution
		Debug|Any CPU = Debug|Any CPU
		Release|Any CPU = Release|Any CPU
	EndGlobalSection
	GlobalSection(ProjectConfigurationPlatforms) = postSolution
		{4FA87D77-A69F-47DD-B23B-54FA5B5694B9}.Debug|Any CPU.ActiveCfg = Debug|Any CPU
		{4FA87D77-A69F-47DD-B23B-54FA5B5694B9}.Debug|Any CPU.Build.0 = Debug|Any CPU
		{4FA87D77-A69F-47DD-B23B-54FA5B5694B9}.Release|Any CPU.ActiveCfg = Release|Any CPU
		{4FA87D77-A69F-47DD-B23B-54FA5B5694B9}.Release|Any CPU.Build.0 = Release|Any CPU
	EndGlobalSection
	GlobalSection(SolutionProperties) = preSolution
		HideSolutionNode = FALSE
	EndGlobalSection
	GlobalSection(ExtensibilityGlobals) = postSolution
		SolutionGuid = {E0FDABEF-876F-45F2-883A-5ED6B91E9B16}
	EndGlobalSection
EndGlobal
